
Microsoft Visual Studio Solution File, Format Version 12.00
# Visual Studio Version 16
VisualStudioVersion = 16.0.30114.105
MinimumVisualStudioVersion = 10.0.40219.1
Project("{FAE04EC0-301F-11D3-BF4B-00C04F79EFBC}") = "OrmBenchmarks", "OrmBenchmarks\OrmBenchmarks.csproj", "{52A34ECE-020A-4DAD-B52B-985D1980A263}"
EndProject
Project("{FAE04EC0-301F-11D3-BF4B-00C04F79EFBC}") = "OrmBenchmarks.Tests", "OrmBenchmarks.Tests\OrmBenchmarks.Tests.csproj", "{CA75F615-02D6-4AF2-BD77-2FE23250D442}"
EndProject
Project("{FAE04EC0-301F-11D3-BF4B-00C04F79EFBC}") = "OrmBenchmarks.EF", "OrmBenchmarks.EF\OrmBenchmarks.EF.csproj", "{E2B102AC-9747-4B77-92AC-58CE54FF2505}"
EndProject
Global
	GlobalSection(SolutionConfigurationPlatforms) = preSolution
		Debug|Any CPU = Debug|Any CPU
		Release|Any CPU = Release|Any CPU
	EndGlobalSection
	GlobalSection(SolutionProperties) = preSolution
		HideSolutionNode = FALSE
	EndGlobalSection
	GlobalSection(ProjectConfigurationPlatforms) = postSolution
		{52A34ECE-020A-4DAD-B52B-985D1980A263}.Debug|Any CPU.ActiveCfg = Debug|Any CPU
		{52A34ECE-020A-4DAD-B52B-985D1980A263}.Debug|Any CPU.Build.0 = Debug|Any CPU
		{52A34ECE-020A-4DAD-B52B-985D1980A263}.Release|Any CPU.ActiveCfg = Release|Any CPU
		{52A34ECE-020A-4DAD-B52B-985D1980A263}.Release|Any CPU.Build.0 = Release|Any CPU
		{CA75F615-02D6-4AF2-BD77-2FE23250D442}.Debug|Any CPU.ActiveCfg = Debug|Any CPU
		{CA75F615-02D6-4AF2-BD77-2FE23250D442}.Debug|Any CPU.Build.0 = Debug|Any CPU
		{CA75F615-02D6-4AF2-BD77-2FE23250D442}.Release|Any CPU.ActiveCfg = Release|Any CPU
		{CA75F615-02D6-4AF2-BD77-2FE23250D442}.Release|Any CPU.Build.0 = Release|Any CPU
		{E2B102AC-9747-4B77-92AC-58CE54FF2505}.Debug|Any CPU.ActiveCfg = Debug|Any CPU
		{E2B102AC-9747-4B77-92AC-58CE54FF2505}.Debug|Any CPU.Build.0 = Debug|Any CPU
		{E2B102AC-9747-4B77-92AC-58CE54FF2505}.Release|Any CPU.ActiveCfg = Release|Any CPU
		{E2B102AC-9747-4B77-92AC-58CE54FF2505}.Release|Any CPU.Build.0 = Release|Any CPU
	EndGlobalSection
EndGlobal
